// !$*UTF8*$!
{
	archiveVersion = 1;
	classes = {
	};
	objectVersion = 46;
	objects = {

/* Begin PBXBuildFile section */
		907E33471E1B488700D1828F /* main.m in Sources */ = {isa = PBXBuildFile; fileRef = 907E33461E1B488700D1828F /* main.m */; };
		907E334F1E1B48A700D1828F /* VZPushNotification.m in Sources */ = {isa = PBXBuildFile; fileRef = 907E334E1E1B48A700D1828F /* VZPushNotification.m */; };
		907E33521E1B48DE00D1828F /* VZSSLConnection.m in Sources */ = {isa = PBXBuildFile; fileRef = 907E33511E1B48DE00D1828F /* VZSSLConnection.m */; };
		907E33571E1B609000D1828F /* VZCertsTool.m in Sources */ = {isa = PBXBuildFile; fileRef = 907E33561E1B609000D1828F /* VZCertsTool.m */; };
/* End PBXBuildFile section */

/* Begin PBXCopyFilesBuildPhase section */
		907E33411E1B488700D1828F /* CopyFiles */ = {
			isa = PBXCopyFilesBuildPhase;
			buildActionMask = 2147483647;
			dstPath = /usr/share/man/man1/;
			dstSubfolderSpec = 0;
			files = (
			);
			runOnlyForDeploymentPostprocessing = 1;
		};
/* End PBXCopyFilesBuildPhase section */

/* Begin PBXFileReference section */
		907E33431E1B488700D1828F /* PushNotification */ = {isa = PBXFileReference; explicitFileType = "compiled.mach-o.executable"; includeInIndex = 0; path = PushNotification; sourceTree = BUILT_PRODUCTS_DIR; };
		907E33461E1B488700D1828F /* main.m */ = {isa = PBXFileReference; lastKnownFileType = sourcecode.c.objc; path = main.m; sourceTree = "<group>"; };
		907E334D1E1B48A700D1828F /* VZPushNotification.h */ = {isa = PBXFileReference; fileEncoding = 4; lastKnownFileType = sourcecode.c.h; path = VZPushNotification.h; sourceTree = "<group>"; };
		907E334E1E1B48A700D1828F /* VZPushNotification.m */ = {isa = PBXFileReference; fileEncoding = 4; lastKnownFileType = sourcecode.c.objc; path = VZPushNotification.m; sourceTree = "<group>"; };
		907E33501E1B48DE00D1828F /* VZSSLConnection.h */ = {isa = PBXFileReference; fileEncoding = 4; lastKnownFileType = sourcecode.c.h; path = VZSSLConnection.h; sourceTree = "<group>"; };
		907E33511E1B48DE00D1828F /* VZSSLConnection.m */ = {isa = PBXFileReference; fileEncoding = 4; lastKnownFileType = sourcecode.c.objc; path = VZSSLConnection.m; sourceTree = "<group>"; };
		907E33551E1B609000D1828F /* VZCertsTool.h */ = {isa = PBXFileReference; fileEncoding = 4; lastKnownFileType = sourcecode.c.h; path = VZCertsTool.h; sourceTree = "<group>"; };
		907E33561E1B609000D1828F /* VZCertsTool.m */ = {isa = PBXFileReference; fileEncoding = 4; lastKnownFileType = sourcecode.c.objc; path = VZCertsTool.m; sourceTree = "<group>"; };
/* End PBXFileReference section */

/* Begin PBXFrameworksBuildPhase section */
		907E33401E1B488700D1828F /* Frameworks */ = {
			isa = PBXFrameworksBuildPhase;
			buildActionMask = 2147483647;
			files = (
			);
			runOnlyForDeploymentPostprocessing = 0;
		};
/* End PBXFrameworksBuildPhase section */

/* Begin PBXGroup section */
		907E333A1E1B488700D1828F = {
			isa = PBXGroup;
			children = (
				907E33451E1B488700D1828F /* PushNotification */,
				907E33441E1B488700D1828F /* Products */,
			);
			sourceTree = "<group>";
		};
		907E33441E1B488700D1828F /* Products */ = {
			isa = PBXGroup;
			children = (
				907E33431E1B488700D1828F /* PushNotification */,
			);
			name = Products;
			sourceTree = "<group>";
		};
		907E33451E1B488700D1828F /* PushNotification */ = {
			isa = PBXGroup;
			children = (
				907E33461E1B488700D1828F /* main.m */,
				907E334D1E1B48A700D1828F /* VZPushNotification.h */,
				907E334E1E1B48A700D1828F /* VZPushNotification.m */,
				907E33501E1B48DE00D1828F /* VZSSLConnection.h */,
				907E33511E1B48DE00D1828F /* VZSSLConnection.m */,
				907E33551E1B609000D1828F /* VZCertsTool.h */,
				907E33561E1B609000D1828F /* VZCertsTool.m */,
			);
			path = PushNotification;
			sourceTree = "<group>";
		};
/* End PBXGroup section */

/* Begin PBXNativeTarget section */
		907E33421E1B488700D1828F /* PushNotification */ = {
			isa = PBXNativeTarget;
			buildConfigurationList = 907E334A1E1B488700D1828F /* Build configuration list for PBXNativeTarget "PushNotification" */;
			buildPhases = (
				907E333F1E1B488700D1828F /* Sources */,
				907E33401E1B488700D1828F /* Frameworks */,
				907E33411E1B488700D1828F /* CopyFiles */,
			);
			buildRules = (
			);
			dependencies = (
			);
			name = PushNotification;
			productName = PushNotification;
			productReference = 907E33431E1B488700D1828F /* PushNotification */;
			productType = "com.apple.product-type.tool";
		};
/* End PBXNativeTarget section */

/* Begin PBXProject section */
		907E333B1E1B488700D1828F /* Project object */ = {
			isa = PBXProject;
			attributes = {
				LastUpgradeCheck = 0820;
				ORGANIZATIONNAME = "Victor Studio.";
				TargetAttributes = {
					907E33421E1B488700D1828F = {
						CreatedOnToolsVersion = 8.2;
						DevelopmentTeam = B873AZ7BS6;
						ProvisioningStyle = Automatic;
					};
				};
			};
			buildConfigurationList = 907E333E1E1B488700D1828F /* Build configuration list for PBXProject "PushNotification" */;
			compatibilityVersion = "Xcode 3.2";
			developmentRegion = English;
			hasScannedForEncodings = 0;
			knownRegions = (
				en,
			);
			mainGroup = 907E333A1E1B488700D1828F;
			productRefGroup = 907E33441E1B488700D1828F /* Products */;
			projectDirPath = "";
			projectRoot = "";
			targets = (
				907E33421E1B488700D1828F /* PushNotification */,
			);
		};
/* End PBXProject section */

/* Begin PBXSourcesBuildPhase section */
		907E333F1E1B488700D1828F /* Sources */ = {
			isa = PBXSourcesBuildPhase;
			buildActionMask = 2147483647;
			files = (
				907E334F1E1B48A700D1828F /* VZPushNotification.m in Sources */,
				907E33521E1B48DE00D1828F /* VZSSLConnection.m in Sources */,
				907E33471E1B488700D1828F /* main.m in Sources */,
				907E33571E1B609000D1828F /* VZCertsTool.m in Sources */,
			);
			runOnlyForDeploymentPostprocessing = 0;
		};
/* End PBXSourcesBuildPhase section */

/* Begin XCBuildConfiguration section */
		907E33481E1B488700D1828F /* Debug */ = {
			isa = XCBuildConfiguration;
			buildSettings = {
				ALWAYS_SEARCH_USER_PATHS = NO;
				CLANG_ANALYZER_NONNULL = YES;
				CLANG_CXX_LANGUAGE_STANDARD = "gnu++0x";
				CLANG_CXX_LIBRARY = "libc++";
				CLANG_ENABLE_MODULES = YES;
				CLANG_ENABLE_OBJC_ARC = YES;
				CLANG_WARN_BOOL_CONVERSION = YES;
				CLANG_WARN_CONSTANT_CONVERSION = YES;
				CLANG_WARN_DIRECT_OBJC_ISA_USAGE = YES_ERROR;
				CLANG_WARN_DOCUMENTATION_COMMENTS = YES;
				CLANG_WARN_EMPTY_BODY = YES;
				CLANG_WARN_ENUM_CONVERSION = YES;
				CLANG_WARN_INFINITE_RECURSION = YES;
				CLANG_WARN_INT_CONVERSION = YES;
				CLANG_WARN_OBJC_ROOT_CLASS = YES_ERROR;
				CLANG_WARN_SUSPICIOUS_MOVE = YES;
				CLANG_WARN_UNREACHABLE_CODE = YES;
				CLANG_WARN__DUPLICATE_METHOD_MATCH = YES;
				CODE_SIGN_IDENTITY = "-";
				COPY_PHASE_STRIP = NO;
				DEBUG_INFORMATION_FORMAT = dwarf;
				ENABLE_STRICT_OBJC_MSGSEND = YES;
				ENABLE_TESTABILITY = YES;
				GCC_C_LANGUAGE_STANDARD = gnu99;
				GCC_DYNAMIC_NO_PIC = NO;
				GCC_NO_COMMON_BLOCKS = YES;
				GCC_OPTIMIZATION_LEVEL = 0;
				GCC_PREPROCESSOR_DEFINITIONS = (
					"DEBUG=1",
					"$(inherited)",
				);
				GCC_WARN_64_TO_32_BIT_CONVERSION = YES;
				GCC_WARN_ABOUT_RETURN_TYPE = YES_ERROR;
				GCC_WARN_UNDECLARED_SELECTOR = YES;
				GCC_WARN_UNINITIALIZED_AUTOS = YES_AGGRESSIVE;
				GCC_WARN_UNUSED_FUNCTION = YES;
				GCC_WARN_UNUSED_VARIABLE = YES;
				MACOSX_DEPLOYMENT_TARGET = 10.12;
				MTL_ENABLE_DEBUG_INFO = YES;
				ONLY_ACTIVE_ARCH = YES;
				SDKROOT = macosx;
			};
			name = Debug;
		};
		907E33491E1B488700D1828F /* Release */ = {
			isa = XCBuildConfiguration;
			buildSettings = {
				ALWAYS_SEARCH_USER_PATHS = NO;
				CLANG_ANALYZER_NONNULL = YES;
				CLANG_CXX_LANGUAGE_STANDARD = "gnu++0x";
				CLANG_CXX_LIBRARY = "libc++";
				CLANG_ENABLE_MODULES = YES;
				CLANG_ENABLE_OBJC_ARC = YES;
				CLANG_WARN_BOOL_CONVERSION = YES;
				CLANG_WARN_CONSTANT_CONVERSION = YES;
				CLANG_WARN_DIRECT_OBJC_ISA_USAGE = YES_ERROR;
				CLANG_WARN_DOCUMENTATION_COMMENTS = YES;
				CLANG_WARN_EMPTY_BODY = YES;
				CLANG_WARN_ENUM_CONVERSION = YES;
				CLANG_WARN_INFINITE_RECURSION = YES;
				CLANG_WARN_INT_CONVERSION = YES;
				CLANG_WARN_OBJC_ROOT_CLASS = YES_ERROR;
				CLANG_WARN_SUSPICIOUS_MOVE = YES;
				CLANG_WARN_UNREACHABLE_CODE = YES;
				CLANG_WARN__DUPLICATE_METHOD_MATCH = YES;
				CODE_SIGN_IDENTITY = "-";
				COPY_PHASE_STRIP = NO;
				DEBUG_INFORMATION_FORMAT = "dwarf-with-dsym";
				ENABLE_NS_ASSERTIONS = NO;
				ENABLE_STRICT_OBJC_MSGSEND = YES;
				GCC_C_LANGUAGE_STANDARD = gnu99;
				GCC_NO_COMMON_BLOCKS = YES;
				GCC_WARN_64_TO_32_BIT_CONVERSION = YES;
				GCC_WARN_ABOUT_RETURN_TYPE = YES_ERROR;
				GCC_WARN_UNDECLARED_SELECTOR = YES;
				GCC_WARN_UNINITIALIZED_AUTOS = YES_AGGRESSIVE;
				GCC_WARN_UNUSED_FUNCTION = YES;
				GCC_WARN_UNUSED_VARIABLE = YES;
				MACOSX_DEPLOYMENT_TARGET = 10.12;
				MTL_ENABLE_DEBUG_INFO = NO;
				SDKROOT = macosx;
			};
			name = Release;
		};
		907E334B1E1B488700D1828F /* Debug */ = {
			isa = XCBuildConfiguration;
			buildSettings = {
				DEVELOPMENT_TEAM = B873AZ7BS6;
				PRODUCT_NAME = "$(TARGET_NAME)";
			};
			name = Debug;
		};
		907E334C1E1B488700D1828F /* Release */ = {
			isa = XCBuildConfiguration;
			buildSettings = {
				DEVELOPMENT_TEAM = B873AZ7BS6;
				PRODUCT_NAME = "$(TARGET_NAME)";
			};
			name = Release;
		};
/* End XCBuildConfiguration section */

/* Begin XCConfigurationList section */
		907E333E1E1B488700D1828F /* Build configuration list for PBXProject "PushNotification" */ = {
			isa = XCConfigurationList;
			buildConfigurations = (
				907E33481E1B488700D1828F /* Debug */,
				907E33491E1B488700D1828F /* Release */,
			);
			defaultConfigurationIsVisible = 0;
			defaultConfigurationName = Release;
		};
		907E334A1E1B488700D1828F /* Build configuration list for PBXNativeTarget "PushNotification" */ = {
			isa = XCConfigurationList;
			buildConfigurations = (
				907E334B1E1B488700D1828F /* Debug */,
				907E334C1E1B488700D1828F /* Release */,
			);
			defaultConfigurationIsVisible = 0;
		};
/* End XCConfigurationList section */
	};
	rootObject = 907E333B1E1B488700D1828F /* Project object */;
}
